
Microsoft Visual Studio Solution File, Format Version 12.00
# Visual Studio Version 17
VisualStudioVersion = 17.14.36408.4 d17.14
MinimumVisualStudioVersion = 10.0.40219.1
Project("{888888A0-9F3D-457C-B088-3A5042F75D52}") = "DiceForge", "DiceForge\DiceForge.pyproj", "{C3E2C3F4-C651-47FB-AE99-567964F2F74B}"
EndProject
Global
	GlobalSection(SolutionConfigurationPlatforms) = preSolution
		Debug|Any CPU = Debug|Any CPU
		Release|Any CPU = Release|Any CPU
	EndGlobalSection
	GlobalSection(ProjectConfigurationPlatforms) = postSolution
		{C3E2C3F4-C651-47FB-AE99-567964F2F74B}.Debug|Any CPU.ActiveCfg = Debug|Any CPU
		{C3E2C3F4-C651-47FB-AE99-567964F2F74B}.Release|Any CPU.ActiveCfg = Release|Any CPU
	EndGlobalSection
	GlobalSection(SolutionProperties) = preSolution
		HideSolutionNode = FALSE
	EndGlobalSection
	GlobalSection(ExtensibilityGlobals) = postSolution
		SolutionGuid = {83650F71-6F11-4849-B894-5752BD8033BA}
	EndGlobalSection
EndGlobal
